
Microsoft Visual Studio Solution File, Format Version 12.00
# Visual Studio Version 17
VisualStudioVersion = 17.5.2.0
MinimumVisualStudioVersion = 10.0.40219.1
Project("{FAE04EC0-301F-11D3-BF4B-00C04F79EFBC}") = "VSDemolitionist", "VSDemolitionist\VSDemolitionist.csproj", "{755319EC-6E9F-6CF3-9574-FF0D9A728724}"
EndProject
Global
	GlobalSection(SolutionConfigurationPlatforms) = preSolution
		Debug|Any CPU = Debug|Any CPU
		Release|Any CPU = Release|Any CPU
	EndGlobalSection
	GlobalSection(ProjectConfigurationPlatforms) = postSolution
		{755319EC-6E9F-6CF3-9574-FF0D9A728724}.Debug|Any CPU.ActiveCfg = Debug|Any CPU
		{755319EC-6E9F-6CF3-9574-FF0D9A728724}.Debug|Any CPU.Build.0 = Debug|Any CPU
		{755319EC-6E9F-6CF3-9574-FF0D9A728724}.Release|Any CPU.ActiveCfg = Release|Any CPU
		{755319EC-6E9F-6CF3-9574-FF0D9A728724}.Release|Any CPU.Build.0 = Release|Any CPU
	EndGlobalSection
	GlobalSection(SolutionProperties) = preSolution
		HideSolutionNode = FALSE
	EndGlobalSection
	GlobalSection(ExtensibilityGlobals) = postSolution
		SolutionGuid = {22DA31BD-C6CD-49E8-A69D-072DB6EBBEC7}
	EndGlobalSection
EndGlobal
